
Microsoft Visual Studio Solution File, Format Version 12.00
# Visual Studio Version 17
VisualStudioVersion = 17.11.35303.130
MinimumVisualStudioVersion = 10.0.40219.1
Project("{FAE04EC0-301F-11D3-BF4B-00C04F79EFBC}") = "Bruteforce", "Bruteforce\Bruteforce.csproj", "{EBB36806-CFE6-4AC0-8196-87BE8D0278DC}"
EndProject
Global
	GlobalSection(SolutionConfigurationPlatforms) = preSolution
		Debug|Any CPU = Debug|Any CPU
		Release|Any CPU = Release|Any CPU
	EndGlobalSection
	GlobalSection(ProjectConfigurationPlatforms) = postSolution
		{EBB36806-CFE6-4AC0-8196-87BE8D0278DC}.Debug|Any CPU.ActiveCfg = Debug|Any CPU
		{EBB36806-CFE6-4AC0-8196-87BE8D0278DC}.Debug|Any CPU.Build.0 = Debug|Any CPU
		{EBB36806-CFE6-4AC0-8196-87BE8D0278DC}.Release|Any CPU.ActiveCfg = Release|Any CPU
		{EBB36806-CFE6-4AC0-8196-87BE8D0278DC}.Release|Any CPU.Build.0 = Release|Any CPU
	EndGlobalSection
	GlobalSection(SolutionProperties) = preSolution
		HideSolutionNode = FALSE
	EndGlobalSection
	GlobalSection(ExtensibilityGlobals) = postSolution
		SolutionGuid = {066A3818-50D1-4402-A9F5-7F87F675D6C1}
	EndGlobalSection
EndGlobal
